// !$*UTF8*$!
{
	archiveVersion = 1;
	classes = {
	};
	objectVersion = 46;
	objects = {

/* Begin PBXBuildFile section */
		80B407DF1BB66EC600F6309E /* main.m in Sources */ = {isa = PBXBuildFile; fileRef = 80B407DE1BB66EC600F6309E /* main.m */; };
		80B407E21BB66EC600F6309E /* AppDelegate.m in Sources */ = {isa = PBXBuildFile; fileRef = 80B407E11BB66EC600F6309E /* AppDelegate.m */; };
		80B407E51BB66EC600F6309E /* ViewController.m in Sources */ = {isa = PBXBuildFile; fileRef = 80B407E41BB66EC600F6309E /* ViewController.m */; };
		80B407E81BB66EC600F6309E /* Main.storyboard in Resources */ = {isa = PBXBuildFile; fileRef = 80B407E61BB66EC600F6309E /* Main.storyboard */; };
		80B407EA1BB66EC600F6309E /* Images.xcassets in Resources */ = {isa = PBXBuildFile; fileRef = 80B407E91BB66EC600F6309E /* Images.xcassets */; };
		80B407ED1BB66EC600F6309E /* LaunchScreen.xib in Resources */ = {isa = PBXBuildFile; fileRef = 80B407EB1BB66EC600F6309E /* LaunchScreen.xib */; };
		80B407F91BB66EC600F6309E /* TestReachabilityTests.m in Sources */ = {isa = PBXBuildFile; fileRef = 80B407F81BB66EC600F6309E /* TestReachabilityTests.m */; };
/* End PBXBuildFile section */

/* Begin PBXContainerItemProxy section */
		80B407F31BB66EC600F6309E /* PBXContainerItemProxy */ = {
			isa = PBXContainerItemProxy;
			containerPortal = 80B407D11BB66EC600F6309E /* Project object */;
			proxyType = 1;
			remoteGlobalIDString = 80B407D81BB66EC600F6309E;
			remoteInfo = TestReachability;
		};
/* End PBXContainerItemProxy section */

/* Begin PBXFileReference section */
		80B407D91BB66EC600F6309E /* TestReachability.app */ = {isa = PBXFileReference; explicitFileType = wrapper.application; includeInIndex = 0; path = TestReachability.app; sourceTree = BUILT_PRODUCTS_DIR; };
		80B407DD1BB66EC600F6309E /* Info.plist */ = {isa = PBXFileReference; lastKnownFileType = text.plist.xml; path = Info.plist; sourceTree = "<group>"; };
		80B407DE1BB66EC600F6309E /* main.m */ = {isa = PBXFileReference; lastKnownFileType = sourcecode.c.objc; path = main.m; sourceTree = "<group>"; };
		80B407E01BB66EC600F6309E /* AppDelegate.h */ = {isa = PBXFileReference; lastKnownFileType = sourcecode.c.h; path = AppDelegate.h; sourceTree = "<group>"; };
		80B407E11BB66EC600F6309E /* AppDelegate.m */ = {isa = PBXFileReference; lastKnownFileType = sourcecode.c.objc; path = AppDelegate.m; sourceTree = "<group>"; };
		80B407E31BB66EC600F6309E /* ViewController.h */ = {isa = PBXFileReference; lastKnownFileType = sourcecode.c.h; path = ViewController.h; sourceTree = "<group>"; };
		80B407E41BB66EC600F6309E /* ViewController.m */ = {isa = PBXFileReference; lastKnownFileType = sourcecode.c.objc; path = ViewController.m; sourceTree = "<group>"; };
		80B407E71BB66EC600F6309E /* Base */ = {isa = PBXFileReference; lastKnownFileType = file.storyboard; name = Base; path = Base.lproj/Main.storyboard; sourceTree = "<group>"; };
		80B407E91BB66EC600F6309E /* Images.xcassets */ = {isa = PBXFileReference; lastKnownFileType = folder.assetcatalog; path = Images.xcassets; sourceTree = "<group>"; };
		80B407EC1BB66EC600F6309E /* Base */ = {isa = PBXFileReference; lastKnownFileType = file.xib; name = Base; path = Base.lproj/LaunchScreen.xib; sourceTree = "<group>"; };
		80B407F21BB66EC600F6309E /* TestReachabilityTests.xctest */ = {isa = PBXFileReference; explicitFileType = wrapper.cfbundle; includeInIndex = 0; path = TestReachabilityTests.xctest; sourceTree = BUILT_PRODUCTS_DIR; };
		80B407F71BB66EC600F6309E /* Info.plist */ = {isa = PBXFileReference; lastKnownFileType = text.plist.xml; path = Info.plist; sourceTree = "<group>"; };
		80B407F81BB66EC600F6309E /* TestReachabilityTests.m */ = {isa = PBXFileReference; lastKnownFileType = sourcecode.c.objc; path = TestReachabilityTests.m; sourceTree = "<group>"; };
/* End PBXFileReference section */

/* Begin PBXFrameworksBuildPhase section */
		80B407D61BB66EC600F6309E /* Frameworks */ = {
			isa = PBXFrameworksBuildPhase;
			buildActionMask = 2147483647;
			files = (
			);
			runOnlyForDeploymentPostprocessing = 0;
		};
		80B407EF1BB66EC600F6309E /* Frameworks */ = {
			isa = PBXFrameworksBuildPhase;
			buildActionMask = 2147483647;
			files = (
			);
			runOnlyForDeploymentPostprocessing = 0;
		};
/* End PBXFrameworksBuildPhase section */

/* Begin PBXGroup section */
		80B407D01BB66EC600F6309E = {
			isa = PBXGroup;
			children = (
				80B407DB1BB66EC600F6309E /* TestReachability */,
				80B407F51BB66EC600F6309E /* TestReachabilityTests */,
				80B407DA1BB66EC600F6309E /* Products */,
			);
			sourceTree = "<group>";
		};
		80B407DA1BB66EC600F6309E /* Products */ = {
			isa = PBXGroup;
			children = (
				80B407D91BB66EC600F6309E /* TestReachability.app */,
				80B407F21BB66EC600F6309E /* TestReachabilityTests.xctest */,
			);
			name = Products;
			sourceTree = "<group>";
		};
		80B407DB1BB66EC600F6309E /* TestReachability */ = {
			isa = PBXGroup;
			children = (
				80B407E01BB66EC600F6309E /* AppDelegate.h */,
				80B407E11BB66EC600F6309E /* AppDelegate.m */,
				80B407E31BB66EC600F6309E /* ViewController.h */,
				80B407E41BB66EC600F6309E /* ViewController.m */,
				80B407E61BB66EC600F6309E /* Main.storyboard */,
				80B407E91BB66EC600F6309E /* Images.xcassets */,
				80B407EB1BB66EC600F6309E /* LaunchScreen.xib */,
				80B407DC1BB66EC600F6309E /* Supporting Files */,
			);
			path = TestReachability;
			sourceTree = "<group>";
		};
		80B407DC1BB66EC600F6309E /* Supporting Files */ = {
			isa = PBXGroup;
			children = (
				80B407DD1BB66EC600F6309E /* Info.plist */,
				80B407DE1BB66EC600F6309E /* main.m */,
			);
			name = "Supporting Files";
			sourceTree = "<group>";
		};
		80B407F51BB66EC600F6309E /* TestReachabilityTests */ = {
			isa = PBXGroup;
			children = (
				80B407F81BB66EC600F6309E /* TestReachabilityTests.m */,
				80B407F61BB66EC600F6309E /* Supporting Files */,
			);
			path = TestReachabilityTests;
			sourceTree = "<group>";
		};
		80B407F61BB66EC600F6309E /* Supporting Files */ = {
			isa = PBXGroup;
			children = (
				80B407F71BB66EC600F6309E /* Info.plist */,
			);
			name = "Supporting Files";
			sourceTree = "<group>";
		};
/* End PBXGroup section */

/* Begin PBXNativeTarget section */
		80B407D81BB66EC600F6309E /* TestReachability */ = {
			isa = PBXNativeTarget;
			buildConfigurationList = 80B407FC1BB66EC600F6309E /* Build configuration list for PBXNativeTarget "TestReachability" */;
			buildPhases = (
				80B407D51BB66EC600F6309E /* Sources */,
				80B407D61BB66EC600F6309E /* Frameworks */,
				80B407D71BB66EC600F6309E /* Resources */,
			);
			buildRules = (
			);
			dependencies = (
			);
			name = TestReachability;
			productName = TestReachability;
			productReference = 80B407D91BB66EC600F6309E /* TestReachability.app */;
			productType = "com.apple.product-type.application";
		};
		80B407F11BB66EC600F6309E /* TestReachabilityTests */ = {
			isa = PBXNativeTarget;
			buildConfigurationList = 80B407FF1BB66EC600F6309E /* Build configuration list for PBXNativeTarget "TestReachabilityTests" */;
			buildPhases = (
				80B407EE1BB66EC600F6309E /* Sources */,
				80B407EF1BB66EC600F6309E /* Frameworks */,
				80B407F01BB66EC600F6309E /* Resources */,
			);
			buildRules = (
			);
			dependencies = (
				80B407F41BB66EC600F6309E /* PBXTargetDependency */,
			);
			name = TestReachabilityTests;
			productName = TestReachabilityTests;
			productReference = 80B407F21BB66EC600F6309E /* TestReachabilityTests.xctest */;
			productType = "com.apple.product-type.bundle.unit-test";
		};
/* End PBXNativeTarget section */

/* Begin PBXProject section */
		80B407D11BB66EC600F6309E /* Project object */ = {
			isa = PBXProject;
			attributes = {
				LastUpgradeCheck = 0640;
				ORGANIZATIONNAME = Yatin;
				TargetAttributes = {
					80B407D81BB66EC600F6309E = {
						CreatedOnToolsVersion = 6.4;
					};
					80B407F11BB66EC600F6309E = {
						CreatedOnToolsVersion = 6.4;
						TestTargetID = 80B407D81BB66EC600F6309E;
					};
				};
			};
			buildConfigurationList = 80B407D41BB66EC600F6309E /* Build configuration list for PBXProject "TestReachability" */;
			compatibilityVersion = "Xcode 3.2";
			developmentRegion = English;
			hasScannedForEncodings = 0;
			knownRegions = (
				en,
				Base,
			);
			mainGroup = 80B407D01BB66EC600F6309E;
			productRefGroup = 80B407DA1BB66EC600F6309E /* Products */;
			projectDirPath = "";
			projectRoot = "";
			targets = (
				80B407D81BB66EC600F6309E /* TestReachability */,
				80B407F11BB66EC600F6309E /* TestReachabilityTests */,
			);
		};
/* End PBXProject section */

/* Begin PBXResourcesBuildPhase section */
		80B407D71BB66EC600F6309E /* Resources */ = {
			isa = PBXResourcesBuildPhase;
			buildActionMask = 2147483647;
			files = (
				80B407E81BB66EC600F6309E /* Main.storyboard in Resources */,
				80B407ED1BB66EC600F6309E /* LaunchScreen.xib in Resources */,
				80B407EA1BB66EC600F6309E /* Images.xcassets in Resources */,
			);
			runOnlyForDeploymentPostprocessing = 0;
		};
		80B407F01BB66EC600F6309E /* Resources */ = {
			isa = PBXResourcesBuildPhase;
			buildActionMask = 2147483647;
			files = (
			);
			runOnlyForDeploymentPostprocessing = 0;
		};
/* End PBXResourcesBuildPhase section */

/* Begin PBXSourcesBuildPhase section */
		80B407D51BB66EC600F6309E /* Sources */ = {
			isa = PBXSourcesBuildPhase;
			buildActionMask = 2147483647;
			files = (
				80B407E51BB66EC600F6309E /* ViewController.m in Sources */,
				80B407E21BB66EC600F6309E /* AppDelegate.m in Sources */,
				80B407DF1BB66EC600F6309E /* main.m in Sources */,
			);
			runOnlyForDeploymentPostprocessing = 0;
		};
		80B407EE1BB66EC600F6309E /* Sources */ = {
			isa = PBXSourcesBuildPhase;
			buildActionMask = 2147483647;
			files = (
				80B407F91BB66EC600F6309E /* TestReachabilityTests.m in Sources */,
			);
			runOnlyForDeploymentPostprocessing = 0;
		};
/* End PBXSourcesBuildPhase section */

/* Begin PBXTargetDependency section */
		80B407F41BB66EC600F6309E /* PBXTargetDependency */ = {
			isa = PBXTargetDependency;
			target = 80B407D81BB66EC600F6309E /* TestReachability */;
			targetProxy = 80B407F31BB66EC600F6309E /* PBXContainerItemProxy */;
		};
/* End PBXTargetDependency section */

/* Begin PBXVariantGroup section */
		80B407E61BB66EC600F6309E /* Main.storyboard */ = {
			isa = PBXVariantGroup;
			children = (
				80B407E71BB66EC600F6309E /* Base */,
			);
			name = Main.storyboard;
			sourceTree = "<group>";
		};
		80B407EB1BB66EC600F6309E /* LaunchScreen.xib */ = {
			isa = PBXVariantGroup;
			children = (
				80B407EC1BB66EC600F6309E /* Base */,
			);
			name = LaunchScreen.xib;
			sourceTree = "<group>";
		};
/* End PBXVariantGroup section */

/* Begin XCBuildConfiguration section */
		80B407FA1BB66EC600F6309E /* Debug */ = {
			isa = XCBuildConfiguration;
			buildSettings = {
				ALWAYS_SEARCH_USER_PATHS = NO;
				CLANG_CXX_LANGUAGE_STANDARD = "gnu++0x";
				CLANG_CXX_LIBRARY = "libc++";
				CLANG_ENABLE_MODULES = YES;
				CLANG_ENABLE_OBJC_ARC = YES;
				CLANG_WARN_BOOL_CONVERSION = YES;
				CLANG_WARN_CONSTANT_CONVERSION = YES;
				CLANG_WARN_DIRECT_OBJC_ISA_USAGE = YES_ERROR;
				CLANG_WARN_EMPTY_BODY = YES;
				CLANG_WARN_ENUM_CONVERSION = YES;
				CLANG_WARN_INT_CONVERSION = YES;
				CLANG_WARN_OBJC_ROOT_CLASS = YES_ERROR;
				CLANG_WARN_UNREACHABLE_CODE = YES;
				CLANG_WARN__DUPLICATE_METHOD_MATCH = YES;
				"CODE_SIGN_IDENTITY[sdk=iphoneos*]" = "iPhone Developer";
				COPY_PHASE_STRIP = NO;
				DEBUG_INFORMATION_FORMAT = "dwarf-with-dsym";
				ENABLE_STRICT_OBJC_MSGSEND = YES;
				GCC_C_LANGUAGE_STANDARD = gnu99;
				GCC_DYNAMIC_NO_PIC = NO;
				GCC_NO_COMMON_BLOCKS = YES;
				GCC_OPTIMIZATION_LEVEL = 0;
				GCC_PREPROCESSOR_DEFINITIONS = (
					"DEBUG=1",
					"$(inherited)",
				);
				GCC_SYMBOLS_PRIVATE_EXTERN = NO;
				GCC_WARN_64_TO_32_BIT_CONVERSION = YES;
				GCC_WARN_ABOUT_RETURN_TYPE = YES_ERROR;
				GCC_WARN_UNDECLARED_SELECTOR = YES;
				GCC_WARN_UNINITIALIZED_AUTOS = YES_AGGRESSIVE;
				GCC_WARN_UNUSED_FUNCTION = YES;
				GCC_WARN_UNUSED_VARIABLE = YES;
				IPHONEOS_DEPLOYMENT_TARGET = 8.4;
				MTL_ENABLE_DEBUG_INFO = YES;
				ONLY_ACTIVE_ARCH = YES;
				SDKROOT = iphoneos;
				TARGETED_DEVICE_FAMILY = "1,2";
			};
			name = Debug;
		};
		80B407FB1BB66EC600F6309E /* Release */ = {
			isa = XCBuildConfiguration;
			buildSettings = {
				ALWAYS_SEARCH_USER_PATHS = NO;
				CLANG_CXX_LANGUAGE_STANDARD = "gnu++0x";
				CLANG_CXX_LIBRARY = "libc++";
				CLANG_ENABLE_MODULES = YES;
				CLANG_ENABLE_OBJC_ARC = YES;
				CLANG_WARN_BOOL_CONVERSION = YES;
				CLANG_WARN_CONSTANT_CONVERSION = YES;
				CLANG_WARN_DIRECT_OBJC_ISA_USAGE = YES_ERROR;
				CLANG_WARN_EMPTY_BODY = YES;
				CLANG_WARN_ENUM_CONVERSION = YES;
				CLANG_WARN_INT_CONVERSION = YES;
				CLANG_WARN_OBJC_ROOT_CLASS = YES_ERROR;
				CLANG_WARN_UNREACHABLE_CODE = YES;
				CLANG_WARN__DUPLICATE_METHOD_MATCH = YES;
				"CODE_SIGN_IDENTITY[sdk=iphoneos*]" = "iPhone Developer";
				COPY_PHASE_STRIP = NO;
				DEBUG_INFORMATION_FORMAT = "dwarf-with-dsym";
				ENABLE_NS_ASSERTIONS = NO;
				ENABLE_STRICT_OBJC_MSGSEND = YES;
				GCC_C_LANGUAGE_STANDARD = gnu99;
				GCC_NO_COMMON_BLOCKS = YES;
				GCC_WARN_64_TO_32_BIT_CONVERSION = YES;
				GCC_WARN_ABOUT_RETURN_TYPE = YES_ERROR;
				GCC_WARN_UNDECLARED_SELECTOR = YES;
				GCC_WARN_UNINITIALIZED_AUTOS = YES_AGGRESSIVE;
				GCC_WARN_UNUSED_FUNCTION = YES;
				GCC_WARN_UNUSED_VARIABLE = YES;
				IPHONEOS_DEPLOYMENT_TARGET = 8.4;
				MTL_ENABLE_DEBUG_INFO = NO;
				SDKROOT = iphoneos;
				TARGETED_DEVICE_FAMILY = "1,2";
				VALIDATE_PRODUCT = YES;
			};
			name = Release;
		};
		80B407FD1BB66EC600F6309E /* Debug */ = {
			isa = XCBuildConfiguration;
			buildSettings = {
				ASSETCATALOG_COMPILER_APPICON_NAME = AppIcon;
				INFOPLIST_FILE = TestReachability/Info.plist;
				LD_RUNPATH_SEARCH_PATHS = "$(inherited) @executable_path/Frameworks";
				PRODUCT_NAME = "$(TARGET_NAME)";
			};
			name = Debug;
		};
		80B407FE1BB66EC600F6309E /* Release */ = {
			isa = XCBuildConfiguration;
			buildSettings = {
				ASSETCATALOG_COMPILER_APPICON_NAME = AppIcon;
				INFOPLIST_FILE = TestReachability/Info.plist;
				LD_RUNPATH_SEARCH_PATHS = "$(inherited) @executable_path/Frameworks";
				PRODUCT_NAME = "$(TARGET_NAME)";
			};
			name = Release;
		};
		80B408001BB66EC600F6309E /* Debug */ = {
			isa = XCBuildConfiguration;
			buildSettings = {
				BUNDLE_LOADER = "$(TEST_HOST)";
				FRAMEWORK_SEARCH_PATHS = (
					"$(SDKROOT)/Developer/Library/Frameworks",
					"$(inherited)",
				);
				GCC_PREPROCESSOR_DEFINITIONS = (
					"DEBUG=1",
					"$(inherited)",
				);
				INFOPLIST_FILE = TestReachabilityTests/Info.plist;
				LD_RUNPATH_SEARCH_PATHS = "$(inherited) @executable_path/Frameworks @loader_path/Frameworks";
				PRODUCT_NAME = "$(TARGET_NAME)";
				TEST_HOST = "$(BUILT_PRODUCTS_DIR)/TestReachability.app/TestReachability";
			};
			name = Debug;
		};
		80B408011BB66EC600F6309E /* Release */ = {
			isa = XCBuildConfiguration;
			buildSettings = {
				BUNDLE_LOADER = "$(TEST_HOST)";
				FRAMEWORK_SEARCH_PATHS = (
					"$(SDKROOT)/Developer/Library/Frameworks",
					"$(inherited)",
				);
				INFOPLIST_FILE = TestReachabilityTests/Info.plist;
				LD_RUNPATH_SEARCH_PATHS = "$(inherited) @executable_path/Frameworks @loader_path/Frameworks";
				PRODUCT_NAME = "$(TARGET_NAME)";
				TEST_HOST = "$(BUILT_PRODUCTS_DIR)/TestReachability.app/TestReachability";
			};
			name = Release;
		};
/* End XCBuildConfiguration section */

/* Begin XCConfigurationList section */
		80B407D41BB66EC600F6309E /* Build configuration list for PBXProject "TestReachability" */ = {
			isa = XCConfigurationList;
			buildConfigurations = (
				80B407FA1BB66EC600F6309E /* Debug */,
				80B407FB1BB66EC600F6309E /* Release */,
			);
			defaultConfigurationIsVisible = 0;
			defaultConfigurationName = Release;
		};
		80B407FC1BB66EC600F6309E /* Build configuration list for PBXNativeTarget "TestReachability" */ = {
			isa = XCConfigurationList;
			buildConfigurations = (
				80B407FD1BB66EC600F6309E /* Debug */,
				80B407FE1BB66EC600F6309E /* Release */,
			);
			defaultConfigurationIsVisible = 0;
		};
		80B407FF1BB66EC600F6309E /* Build configuration list for PBXNativeTarget "TestReachabilityTests" */ = {
			isa = XCConfigurationList;
			buildConfigurations = (
				80B408001BB66EC600F6309E /* Debug */,
				80B408011BB66EC600F6309E /* Release */,
			);
			defaultConfigurationIsVisible = 0;
		};
/* End XCConfigurationList section */
	};
	rootObject = 80B407D11BB66EC600F6309E /* Project object */;
}
